
Microsoft Visual Studio Solution File, Format Version 12.00
# Visual Studio 15
VisualStudioVersion = 15.0.27703.2042
MinimumVisualStudioVersion = 10.0.40219.1
Project("{FAE04EC0-301F-11D3-BF4B-00C04F79EFBC}") = "VladyslavOrlovPromo", "VladyslavOrlovPromo\VladyslavOrlovPromo.csproj", "{0A51EF08-39D1-4006-AB79-C467C522D457}"
EndProject
Global
	GlobalSection(SolutionConfigurationPlatforms) = preSolution
		Debug|Any CPU = Debug|Any CPU
		Release|Any CPU = Release|Any CPU
	EndGlobalSection
	GlobalSection(ProjectConfigurationPlatforms) = postSolution
		{0A51EF08-39D1-4006-AB79-C467C522D457}.Debug|Any CPU.ActiveCfg = Debug|Any CPU
		{0A51EF08-39D1-4006-AB79-C467C522D457}.Debug|Any CPU.Build.0 = Debug|Any CPU
		{0A51EF08-39D1-4006-AB79-C467C522D457}.Release|Any CPU.ActiveCfg = Release|Any CPU
		{0A51EF08-39D1-4006-AB79-C467C522D457}.Release|Any CPU.Build.0 = Release|Any CPU
	EndGlobalSection
	GlobalSection(SolutionProperties) = preSolution
		HideSolutionNode = FALSE
	EndGlobalSection
	GlobalSection(ExtensibilityGlobals) = postSolution
		SolutionGuid = {47EE9FFB-5C43-4DCE-BD3A-FE50E305CAF6}
	EndGlobalSection
EndGlobal
